
Microsoft Visual Studio Solution File, Format Version 12.00
# Visual Studio Version 16
VisualStudioVersion = 16.0.31129.286
MinimumVisualStudioVersion = 10.0.40219.1
Project("{CC5FD16D-436D-48AD-A40C-5A424C6E3E79}") = "AzureGuestBook", "AzureGuestBook.ccproj", "{0C789B6C-E5EF-4659-9011-BECC240B2942}"
EndProject
Project("{FAE04EC0-301F-11D3-BF4B-00C04F79EFBC}") = "WebRole", "WebRole\WebRole.csproj", "{18A9DB67-88D0-4B36-B025-1EBB0B0340F3}"
EndProject
Project("{FAE04EC0-301F-11D3-BF4B-00C04F79EFBC}") = "WorkerRole", "WorkerRole\WorkerRole.csproj", "{3B451E6A-3755-429B-B54F-443DC02F2F21}"
EndProject
Global
	GlobalSection(SolutionConfigurationPlatforms) = preSolution
		Debug|Any CPU = Debug|Any CPU
		Release|Any CPU = Release|Any CPU
	EndGlobalSection
	GlobalSection(ProjectConfigurationPlatforms) = postSolution
		{0C789B6C-E5EF-4659-9011-BECC240B2942}.Debug|Any CPU.ActiveCfg = Debug|Any CPU
		{0C789B6C-E5EF-4659-9011-BECC240B2942}.Debug|Any CPU.Build.0 = Debug|Any CPU
		{0C789B6C-E5EF-4659-9011-BECC240B2942}.Release|Any CPU.ActiveCfg = Release|Any CPU
		{0C789B6C-E5EF-4659-9011-BECC240B2942}.Release|Any CPU.Build.0 = Release|Any CPU
		{18A9DB67-88D0-4B36-B025-1EBB0B0340F3}.Debug|Any CPU.ActiveCfg = Debug|Any CPU
		{18A9DB67-88D0-4B36-B025-1EBB0B0340F3}.Debug|Any CPU.Build.0 = Debug|Any CPU
		{18A9DB67-88D0-4B36-B025-1EBB0B0340F3}.Release|Any CPU.ActiveCfg = Release|Any CPU
		{18A9DB67-88D0-4B36-B025-1EBB0B0340F3}.Release|Any CPU.Build.0 = Release|Any CPU
		{3B451E6A-3755-429B-B54F-443DC02F2F21}.Debug|Any CPU.ActiveCfg = Debug|Any CPU
		{3B451E6A-3755-429B-B54F-443DC02F2F21}.Debug|Any CPU.Build.0 = Debug|Any CPU
		{3B451E6A-3755-429B-B54F-443DC02F2F21}.Release|Any CPU.ActiveCfg = Release|Any CPU
		{3B451E6A-3755-429B-B54F-443DC02F2F21}.Release|Any CPU.Build.0 = Release|Any CPU
	EndGlobalSection
	GlobalSection(SolutionProperties) = preSolution
		HideSolutionNode = FALSE
	EndGlobalSection
	GlobalSection(ExtensibilityGlobals) = postSolution
		SolutionGuid = {E8A1D77B-ECC4-45E2-B72C-AB1150226516}
	EndGlobalSection
EndGlobal
